<?xml version="1.0" encoding="utf-8"?>
<Project ToolsVersion="4.0" xmlns="http://schemas.microsoft.com/developer/msbuild/2003">
  <ItemGroup>
    <Filter Include="BaseGame">
      <UniqueIdentifier>{7e5c8051-0704-4b1f-b58d-7fa1abce484d}</UniqueIdentifier>
    </Filter>
    <Filter Include="Export">
      <UniqueIdentifier>{c57da7bc-6ec3-4217-bbe8-e2c5854a9339}</UniqueIdentifier>
    </Filter>
    <Filter Include="Window">
      <UniqueIdentifier>{71c74347-ee9c-46bb-87e1-2b590246c332}</UniqueIdentifier>
    </Filter>
    <Filter Include="Renderer">
      <UniqueIdentifier>{d0f38f2b-ecb2-4ea8-aa53-ac088f8a3fb0}</UniqueIdentifier>
    </Filter>
    <Filter Include="Shader">
      <UniqueIdentifier>{aef08ae8-9d66-407a-b66d-166dc7bb66fe}</UniqueIdentifier>
    </Filter>
    <Filter Include="Entity">
      <UniqueIdentifier>{e60d9e4e-2d50-4e03-bfe9-0a034cc67f43}</UniqueIdentifier>
    </Filter>
    <Filter Include="Shape">
      <UniqueIdentifier>{84310d5f-9d03-4764-89d2-1fd1bc9a67ba}</UniqueIdentifier>
    </Filter>
  </ItemGroup>
  <ItemGroup>
    <ClCompile Include="src\base_game.cpp">
      <Filter>BaseGame</Filter>
    </ClCompile>
    <ClCompile Include="src\window.cpp">
      <Filter>Window</Filter>
    </ClCompile>
    <ClCompile Include="src\renderer.cpp">
      <Filter>Renderer</Filter>
    </ClCompile>
    <ClCompile Include="src\entity2D.cpp">
      <Filter>Entity</Filter>
    </ClCompile>
    <ClCompile Include="src\shape.cpp">
      <Filter>Shape</Filter>
    </ClCompile>
    <ClCompile Include="src\shader.cpp">
      <Filter>Shader</Filter>
    </ClCompile>
  </ItemGroup>
  <ItemGroup>
    <ClInclude Include="src\base_game.h">
      <Filter>BaseGame</Filter>
    </ClInclude>
    <ClInclude Include="src\export.h">
      <Filter>Export</Filter>
    </ClInclude>
    <ClInclude Include="src\window.h">
      <Filter>Window</Filter>
    </ClInclude>
    <ClInclude Include="src\renderer.h">
      <Filter>Renderer</Filter>
    </ClInclude>
    <ClInclude Include="src\entity2D.h">
      <Filter>Entity</Filter>
    </ClInclude>
    <ClInclude Include="src\shape.h">
      <Filter>Shape</Filter>
    </ClInclude>
    <ClInclude Include="src\shader.h">
      <Filter>Shader</Filter>
    </ClInclude>
  </ItemGroup>
  <ItemGroup>
    <None Include="src\fragmentShader.fs">
      <Filter>Shader</Filter>
    </None>
    <None Include="src\fragmentTextureShader.fs">
      <Filter>Shader</Filter>
    </None>
    <None Include="src\vertexShader.vs">
      <Filter>Shader</Filter>
    </None>
    <None Include="src\vertexTextureShader.vs">
      <Filter>Shader</Filter>
    </None>
  </ItemGroup>
</Project>